PODS:
  - ActionSheetPicker-3.0 (2.7.1)
  - Alamofire (4.9.1)
  - AppAuth (1.4.0):
    - AppAuth/Core (= 1.4.0)
    - AppAuth/ExternalUserAgent (= 1.4.0)
  - AppAuth/Core (1.4.0)
  - AppAuth/ExternalUserAgent (1.4.0)
  - EmptyStateKit (1.1.0)
  - GoogleSignIn (5.0.2):
    - AppAuth (~> 1.2)
    - GTMAppAuth (~> 1.0)
    - GTMSessionFetcher/Core (~> 1.1)
  - GTMAppAuth (1.1.0):
    - AppAuth/Core (~> 1.4)
    - GTMSessionFetcher (~> 1.4)
  - GTMSessionFetcher (1.5.0):
    - GTMSessionFetcher/Full (= 1.5.0)
  - GTMSessionFetcher/Core (1.5.0)
  - GTMSessionFetcher/Full (1.5.0):
    - GTMSessionFetcher/Core (= 1.5.0)
  - IQKeyboardManagerSwift (6.5.6)
  - MBProgressHUD (1.1.0)
  - ReachabilitySwift (5.0.0)
  - RxAlamofire (4.4.1):
    - RxAlamofire/Core (= 4.4.1)
  - RxAlamofire/Core (4.4.1):
    - Alamofire (~> 4.8)
    - RxSwift (~> 4.5)
  - RxCocoa (4.5.0):
    - RxSwift (>= 4.4.2, ~> 4.4)
  - RxSwift (4.5.0)
  - SDWebImage (5.10.4):
    - SDWebImage/Core (= 5.10.4)
  - SDWebImage/Core (5.10.4)

DEPENDENCIES:
  - ActionSheetPicker-3.0
  - EmptyStateKit
  - GoogleSignIn
  - IQKeyboardManagerSwift
  - MBProgressHUD (~> 1.1.0)
  - ReachabilitySwift
  - RxAlamofire
  - RxCocoa (~> 4.0)
  - RxSwift (~> 4.0)
  - SDWebImage

SPEC REPOS:
  trunk:
    - ActionSheetPicker-3.0
    - Alamofire
    - AppAuth
    - EmptyStateKit
    - GoogleSignIn
    - GTMAppAuth
    - GTMSessionFetcher
    - IQKeyboardManagerSwift
    - MBProgressHUD
    - ReachabilitySwift
    - RxAlamofire
    - RxCocoa
    - RxSwift
    - SDWebImage

SPEC CHECKSUMS:
  ActionSheetPicker-3.0: 36da254b97a09ff89679ecb8b8510bd3e5bdc773
  Alamofire: 85e8a02c69d6020a0d734f6054870d7ecb75cf18
  AppAuth: 31bcec809a638d7bd2f86ea8a52bd45f6e81e7c7
  EmptyStateKit: dc41e9ce5c6089f67a49d063bce73ade9f2ba73f
  GoogleSignIn: 7137d297ddc022a7e0aa4619c86d72c909fa7213
  GTMAppAuth: 197a8dabfea5d665224aa00d17f164fc2248dab9
  GTMSessionFetcher: b3503b20a988c4e20cc189aa798fd18220133f52
  IQKeyboardManagerSwift: c7df9d2deb356c04522f5c4b7b6e4ce4d8ed94fe
  MBProgressHUD: e7baa36a220447d8aeb12769bf0585582f3866d9
  ReachabilitySwift: 985039c6f7b23a1da463388634119492ff86c825
  RxAlamofire: ed65f451f5a9a59419b0b9e705043dc01410edd9
  RxCocoa: cbf70265dc65a981d4ac982e513c10cf23df24a0
  RxSwift: f172070dfd1a93d70a9ab97a5a01166206e1c575
  SDWebImage: c666b97e1fa9c64b4909816a903322018f0a9c84

PODFILE CHECKSUM: a1dadeda829195c3ba3e866315dbf4ab0e6e4223

COCOAPODS: 1.10.1
